# This file is automatically @generated by Cargo.
# It is not intended for manual editing.
version = 3

[[package]]
name = "vmlinux"
version = "0.0.0"
source = "git+https://github.com/libbpf/vmlinux.h.git?rev=a9c092aa771310bf8b00b5018f7d40a1fdb6ec82#a9c092aa771310bf8b00b5018f7d40a1fdb6ec82"

[[package]]
name = "vmlinux-include"
version = "0.0.0"
dependencies = [
 "vmlinux",
]
